
Microsoft Visual Studio Solution File, Format Version 12.00
# Visual Studio 15
VisualStudioVersion = 15.0.28307.1209
MinimumVisualStudioVersion = 10.0.40219.1
Project("{FAE04EC0-301F-11D3-BF4B-00C04F79EFBC}") = "Inventory Management", "Inventory Management\Inventory Management.csproj", "{113FC8BC-A916-4EA4-8FE7-1D7C3A951948}"
EndProject
Project("{FAE04EC0-301F-11D3-BF4B-00C04F79EFBC}") = "DataAccessLayer", "DataAccessLayer\DataAccessLayer.csproj", "{C07E280F-F661-4FCA-B69D-6D75FED4CD2D}"
EndProject
Global
	GlobalSection(SolutionConfigurationPlatforms) = preSolution
		Debug|Any CPU = Debug|Any CPU
		Release|Any CPU = Release|Any CPU
	EndGlobalSection
	GlobalSection(ProjectConfigurationPlatforms) = postSolution
		{113FC8BC-A916-4EA4-8FE7-1D7C3A951948}.Debug|Any CPU.ActiveCfg = Debug|Any CPU
		{113FC8BC-A916-4EA4-8FE7-1D7C3A951948}.Debug|Any CPU.Build.0 = Debug|Any CPU
		{113FC8BC-A916-4EA4-8FE7-1D7C3A951948}.Release|Any CPU.ActiveCfg = Release|Any CPU
		{113FC8BC-A916-4EA4-8FE7-1D7C3A951948}.Release|Any CPU.Build.0 = Release|Any CPU
		{C07E280F-F661-4FCA-B69D-6D75FED4CD2D}.Debug|Any CPU.ActiveCfg = Debug|Any CPU
		{C07E280F-F661-4FCA-B69D-6D75FED4CD2D}.Debug|Any CPU.Build.0 = Debug|Any CPU
		{C07E280F-F661-4FCA-B69D-6D75FED4CD2D}.Release|Any CPU.ActiveCfg = Release|Any CPU
		{C07E280F-F661-4FCA-B69D-6D75FED4CD2D}.Release|Any CPU.Build.0 = Release|Any CPU
	EndGlobalSection
	GlobalSection(SolutionProperties) = preSolution
		HideSolutionNode = FALSE
	EndGlobalSection
	GlobalSection(ExtensibilityGlobals) = postSolution
		SolutionGuid = {32750A60-14BD-4136-8C47-C5CA7BB22D71}
	EndGlobalSection
EndGlobal
